<?xml version="1.0" encoding="utf-8"?>
<Project ToolsVersion="4.0" xmlns="http://schemas.microsoft.com/developer/msbuild/2003">
  <ItemGroup>
    <Filter Include="Header Files">
      <UniqueIdentifier>{6cbf530f-6c0f-4f28-a8f3-90da38a01141}</UniqueIdentifier>
      <Extensions>h;hpp;hxx;hm;inl</Extensions>
    </Filter>
    <Filter Include="Source Files">
      <UniqueIdentifier>{4970db18-d720-4cda-896b-38d3db2199cb}</UniqueIdentifier>
      <Extensions>cpp;c;cxx;rc;def;r;odl;idl;hpj;bat</Extensions>
    </Filter>
    <Filter Include="Resource Files">
      <UniqueIdentifier>{6ef7cd1c-f6e1-4b9a-803c-9a8824cdc631}</UniqueIdentifier>
      <Extensions>ico;cur;bmp;dlg;rc2;rct;bin;rgs;gif;jpg;jpeg;jpe</Extensions>
    </Filter>
  </ItemGroup>
  <ItemGroup>
    <ClInclude Include="HuffmanTree.h">
      <Filter>Header Files</Filter>
    </ClInclude>
    <ClInclude Include="SqList.h">
      <Filter>Header Files</Filter>
    </ClInclude>
  </ItemGroup>
</Project>